
Microsoft Visual Studio Solution File, Format Version 12.00
# Visual Studio Version 17
VisualStudioVersion = 17.5.33530.505
MinimumVisualStudioVersion = 10.0.40219.1
Project("{9A19103F-16F7-4668-BE54-9A1E7A4F7556}") = "PortalCustomerManagmentChallangeEntity", "PortalCustomerManagmentChallangeEntity\PortalCustomerManagmentChallangeEntity.csproj", "{CE5B373A-3E0B-44D5-A275-E1E2125A5919}"
EndProject
Project("{9A19103F-16F7-4668-BE54-9A1E7A4F7556}") = "PortalCustomerManagmentChallangeCore", "PortalCustomerManagmentChallangeCore\PortalCustomerManagmentChallangeCore.csproj", "{4F072AED-9D61-42DA-AD14-9723DBFE3738}"
EndProject
Project("{9A19103F-16F7-4668-BE54-9A1E7A4F7556}") = "PortalCustomerManagmentChallangeDataAccess", "PortalCustomerManagmentChallangeDataAccess\PortalCustomerManagmentChallangeDataAccess.csproj", "{C57B6B69-654E-4595-A601-6F7B7684CE39}"
EndProject
Project("{9A19103F-16F7-4668-BE54-9A1E7A4F7556}") = "PortalCustomerManagmentChallangeBusiness", "PortalCustomerManagmentChallangeBusiness\PortalCustomerManagmentChallangeBusiness.csproj", "{00D54649-6408-4860-BABA-1D2FF52BF317}"
EndProject
Project("{9A19103F-16F7-4668-BE54-9A1E7A4F7556}") = "MVC", "MVC\MVC.csproj", "{016B0CB9-8B6F-470E-A24D-6940AD29B558}"
EndProject
Global
	GlobalSection(SolutionConfigurationPlatforms) = preSolution
		Debug|Any CPU = Debug|Any CPU
		Release|Any CPU = Release|Any CPU
	EndGlobalSection
	GlobalSection(ProjectConfigurationPlatforms) = postSolution
		{CE5B373A-3E0B-44D5-A275-E1E2125A5919}.Debug|Any CPU.ActiveCfg = Debug|Any CPU
		{CE5B373A-3E0B-44D5-A275-E1E2125A5919}.Debug|Any CPU.Build.0 = Debug|Any CPU
		{CE5B373A-3E0B-44D5-A275-E1E2125A5919}.Release|Any CPU.ActiveCfg = Release|Any CPU
		{CE5B373A-3E0B-44D5-A275-E1E2125A5919}.Release|Any CPU.Build.0 = Release|Any CPU
		{4F072AED-9D61-42DA-AD14-9723DBFE3738}.Debug|Any CPU.ActiveCfg = Debug|Any CPU
		{4F072AED-9D61-42DA-AD14-9723DBFE3738}.Debug|Any CPU.Build.0 = Debug|Any CPU
		{4F072AED-9D61-42DA-AD14-9723DBFE3738}.Release|Any CPU.ActiveCfg = Release|Any CPU
		{4F072AED-9D61-42DA-AD14-9723DBFE3738}.Release|Any CPU.Build.0 = Release|Any CPU
		{C57B6B69-654E-4595-A601-6F7B7684CE39}.Debug|Any CPU.ActiveCfg = Debug|Any CPU
		{C57B6B69-654E-4595-A601-6F7B7684CE39}.Debug|Any CPU.Build.0 = Debug|Any CPU
		{C57B6B69-654E-4595-A601-6F7B7684CE39}.Release|Any CPU.ActiveCfg = Release|Any CPU
		{C57B6B69-654E-4595-A601-6F7B7684CE39}.Release|Any CPU.Build.0 = Release|Any CPU
		{00D54649-6408-4860-BABA-1D2FF52BF317}.Debug|Any CPU.ActiveCfg = Debug|Any CPU
		{00D54649-6408-4860-BABA-1D2FF52BF317}.Debug|Any CPU.Build.0 = Debug|Any CPU
		{00D54649-6408-4860-BABA-1D2FF52BF317}.Release|Any CPU.ActiveCfg = Release|Any CPU
		{00D54649-6408-4860-BABA-1D2FF52BF317}.Release|Any CPU.Build.0 = Release|Any CPU
		{016B0CB9-8B6F-470E-A24D-6940AD29B558}.Debug|Any CPU.ActiveCfg = Debug|Any CPU
		{016B0CB9-8B6F-470E-A24D-6940AD29B558}.Debug|Any CPU.Build.0 = Debug|Any CPU
		{016B0CB9-8B6F-470E-A24D-6940AD29B558}.Release|Any CPU.ActiveCfg = Release|Any CPU
		{016B0CB9-8B6F-470E-A24D-6940AD29B558}.Release|Any CPU.Build.0 = Release|Any CPU
	EndGlobalSection
	GlobalSection(SolutionProperties) = preSolution
		HideSolutionNode = FALSE
	EndGlobalSection
	GlobalSection(ExtensibilityGlobals) = postSolution
		SolutionGuid = {3C1D8CF8-2625-4786-A52A-2FC4BB364110}
	EndGlobalSection
EndGlobal
